
Microsoft Visual Studio Solution File, Format Version 12.00
# Visual Studio Version 16
VisualStudioVersion = 16.0.31624.102
MinimumVisualStudioVersion = 10.0.40219.1
Project("{FAE04EC0-301F-11D3-BF4B-00C04F79EFBC}") = "My Médiathèque Online", "My Médiathèque Online.csproj", "{F4C80C29-AA17-4C1A-A21C-99A3BB254EB2}"
EndProject
Global
	GlobalSection(SolutionConfigurationPlatforms) = preSolution
		Debug|Any CPU = Debug|Any CPU
		Release|Any CPU = Release|Any CPU
	EndGlobalSection
	GlobalSection(ProjectConfigurationPlatforms) = postSolution
		{F4C80C29-AA17-4C1A-A21C-99A3BB254EB2}.Debug|Any CPU.ActiveCfg = Debug|Any CPU
		{F4C80C29-AA17-4C1A-A21C-99A3BB254EB2}.Debug|Any CPU.Build.0 = Debug|Any CPU
		{F4C80C29-AA17-4C1A-A21C-99A3BB254EB2}.Release|Any CPU.ActiveCfg = Release|Any CPU
		{F4C80C29-AA17-4C1A-A21C-99A3BB254EB2}.Release|Any CPU.Build.0 = Release|Any CPU
	EndGlobalSection
	GlobalSection(SolutionProperties) = preSolution
		HideSolutionNode = FALSE
	EndGlobalSection
	GlobalSection(ExtensibilityGlobals) = postSolution
		SolutionGuid = {EFDA8B02-2876-4E0F-8FEF-D9097661D5AC}
	EndGlobalSection
EndGlobal
